
Microsoft Visual Studio Solution File, Format Version 12.00
# Visual Studio Version 17
VisualStudioVersion = 17.10.35122.118
MinimumVisualStudioVersion = 10.0.40219.1
Project("{00D1A9C2-B5F0-4AF3-8072-F6C62B433612}") = "database_maresy2", "database_maresy2\database_maresy2.sqlproj", "{5413545A-BF97-45A0-A688-57AFA7662EFD}"
EndProject
Global
	GlobalSection(SolutionConfigurationPlatforms) = preSolution
		Debug|Any CPU = Debug|Any CPU
		Release|Any CPU = Release|Any CPU
	EndGlobalSection
	GlobalSection(ProjectConfigurationPlatforms) = postSolution
		{5413545A-BF97-45A0-A688-57AFA7662EFD}.Debug|Any CPU.ActiveCfg = Debug|Any CPU
		{5413545A-BF97-45A0-A688-57AFA7662EFD}.Debug|Any CPU.Build.0 = Debug|Any CPU
		{5413545A-BF97-45A0-A688-57AFA7662EFD}.Debug|Any CPU.Deploy.0 = Debug|Any CPU
		{5413545A-BF97-45A0-A688-57AFA7662EFD}.Release|Any CPU.ActiveCfg = Release|Any CPU
		{5413545A-BF97-45A0-A688-57AFA7662EFD}.Release|Any CPU.Build.0 = Release|Any CPU
		{5413545A-BF97-45A0-A688-57AFA7662EFD}.Release|Any CPU.Deploy.0 = Release|Any CPU
	EndGlobalSection
	GlobalSection(SolutionProperties) = preSolution
		HideSolutionNode = FALSE
	EndGlobalSection
	GlobalSection(ExtensibilityGlobals) = postSolution
		SolutionGuid = {03B50C57-2FA9-4001-B993-48BBFB23BC5A}
	EndGlobalSection
EndGlobal
